
Microsoft Visual Studio Solution File, Format Version 12.00
# Visual Studio 2012
Project("{FAE04EC0-301F-11D3-BF4B-00C04F79EFBC}") = "MVVMPractice", "MVVMPractice\MVVMPractice.csproj", "{A863845C-A77E-45F9-8596-5C0F972AA41C}"
EndProject
Project("{FAE04EC0-301F-11D3-BF4B-00C04F79EFBC}") = "MVVMPractice.iOS", "iOS\MVVMPractice.iOS.csproj", "{ED20149E-5615-41D2-9C8A-F52230CD8BA2}"
EndProject
Project("{FAE04EC0-301F-11D3-BF4B-00C04F79EFBC}") = "MVVMPractice.Droid", "Droid\MVVMPractice.Droid.csproj", "{6B7C7821-1D05-47B0-A757-5B635003E0C8}"
EndProject
Global
	GlobalSection(SolutionConfigurationPlatforms) = preSolution
		Debug|Any CPU = Debug|Any CPU
		Release|Any CPU = Release|Any CPU
		Debug|iPhoneSimulator = Debug|iPhoneSimulator
		Release|iPhone = Release|iPhone
		Release|iPhoneSimulator = Release|iPhoneSimulator
		Debug|iPhone = Debug|iPhone
	EndGlobalSection
	GlobalSection(ProjectConfigurationPlatforms) = postSolution
		{A863845C-A77E-45F9-8596-5C0F972AA41C}.Debug|Any CPU.ActiveCfg = Debug|Any CPU
		{A863845C-A77E-45F9-8596-5C0F972AA41C}.Debug|Any CPU.Build.0 = Debug|Any CPU
		{A863845C-A77E-45F9-8596-5C0F972AA41C}.Release|Any CPU.ActiveCfg = Release|Any CPU
		{A863845C-A77E-45F9-8596-5C0F972AA41C}.Release|Any CPU.Build.0 = Release|Any CPU
		{A863845C-A77E-45F9-8596-5C0F972AA41C}.Debug|iPhoneSimulator.ActiveCfg = Debug|Any CPU
		{A863845C-A77E-45F9-8596-5C0F972AA41C}.Debug|iPhoneSimulator.Build.0 = Debug|Any CPU
		{A863845C-A77E-45F9-8596-5C0F972AA41C}.Release|iPhone.ActiveCfg = Release|Any CPU
		{A863845C-A77E-45F9-8596-5C0F972AA41C}.Release|iPhone.Build.0 = Release|Any CPU
		{A863845C-A77E-45F9-8596-5C0F972AA41C}.Release|iPhoneSimulator.ActiveCfg = Release|Any CPU
		{A863845C-A77E-45F9-8596-5C0F972AA41C}.Release|iPhoneSimulator.Build.0 = Release|Any CPU
		{A863845C-A77E-45F9-8596-5C0F972AA41C}.Debug|iPhone.ActiveCfg = Debug|Any CPU
		{A863845C-A77E-45F9-8596-5C0F972AA41C}.Debug|iPhone.Build.0 = Debug|Any CPU
		{ED20149E-5615-41D2-9C8A-F52230CD8BA2}.Debug|Any CPU.ActiveCfg = Debug|iPhoneSimulator
		{ED20149E-5615-41D2-9C8A-F52230CD8BA2}.Debug|Any CPU.Build.0 = Debug|iPhoneSimulator
		{ED20149E-5615-41D2-9C8A-F52230CD8BA2}.Release|Any CPU.ActiveCfg = Release|iPhone
		{ED20149E-5615-41D2-9C8A-F52230CD8BA2}.Release|Any CPU.Build.0 = Release|iPhone
		{ED20149E-5615-41D2-9C8A-F52230CD8BA2}.Debug|iPhoneSimulator.ActiveCfg = Debug|iPhoneSimulator
		{ED20149E-5615-41D2-9C8A-F52230CD8BA2}.Debug|iPhoneSimulator.Build.0 = Debug|iPhoneSimulator
		{ED20149E-5615-41D2-9C8A-F52230CD8BA2}.Release|iPhone.ActiveCfg = Release|iPhone
		{ED20149E-5615-41D2-9C8A-F52230CD8BA2}.Release|iPhone.Build.0 = Release|iPhone
		{ED20149E-5615-41D2-9C8A-F52230CD8BA2}.Release|iPhoneSimulator.ActiveCfg = Release|iPhoneSimulator
		{ED20149E-5615-41D2-9C8A-F52230CD8BA2}.Release|iPhoneSimulator.Build.0 = Release|iPhoneSimulator
		{ED20149E-5615-41D2-9C8A-F52230CD8BA2}.Debug|iPhone.ActiveCfg = Debug|iPhone
		{ED20149E-5615-41D2-9C8A-F52230CD8BA2}.Debug|iPhone.Build.0 = Debug|iPhone
		{6B7C7821-1D05-47B0-A757-5B635003E0C8}.Debug|Any CPU.ActiveCfg = Debug|Any CPU
		{6B7C7821-1D05-47B0-A757-5B635003E0C8}.Debug|Any CPU.Build.0 = Debug|Any CPU
		{6B7C7821-1D05-47B0-A757-5B635003E0C8}.Release|Any CPU.ActiveCfg = Release|Any CPU
		{6B7C7821-1D05-47B0-A757-5B635003E0C8}.Release|Any CPU.Build.0 = Release|Any CPU
		{6B7C7821-1D05-47B0-A757-5B635003E0C8}.Debug|iPhoneSimulator.ActiveCfg = Debug|Any CPU
		{6B7C7821-1D05-47B0-A757-5B635003E0C8}.Debug|iPhoneSimulator.Build.0 = Debug|Any CPU
		{6B7C7821-1D05-47B0-A757-5B635003E0C8}.Release|iPhone.ActiveCfg = Release|Any CPU
		{6B7C7821-1D05-47B0-A757-5B635003E0C8}.Release|iPhone.Build.0 = Release|Any CPU
		{6B7C7821-1D05-47B0-A757-5B635003E0C8}.Release|iPhoneSimulator.ActiveCfg = Release|Any CPU
		{6B7C7821-1D05-47B0-A757-5B635003E0C8}.Release|iPhoneSimulator.Build.0 = Release|Any CPU
		{6B7C7821-1D05-47B0-A757-5B635003E0C8}.Debug|iPhone.ActiveCfg = Debug|Any CPU
		{6B7C7821-1D05-47B0-A757-5B635003E0C8}.Debug|iPhone.Build.0 = Debug|Any CPU
	EndGlobalSection
	GlobalSection(NestedProjects) = preSolution
	EndGlobalSection
EndGlobal
